
Microsoft Visual Studio Solution File, Format Version 12.00
# Visual Studio Version 17
VisualStudioVersion = 17.6.33723.286
MinimumVisualStudioVersion = 10.0.40219.1
Project("{9A19103F-16F7-4668-BE54-9A1E7A4F7556}") = "QLSV", "QLSVVV\QLSV.csproj", "{3BCCEAEF-5CD3-4453-9C19-F05DFC58A83C}"
EndProject
Project("{9A19103F-16F7-4668-BE54-9A1E7A4F7556}") = "QLSVVV.Tests", "TestQLSV\QLSVVV.Tests.csproj", "{08C7F82E-2931-49FC-92EF-A92B1CC31139}"
EndProject
Global
	GlobalSection(SolutionConfigurationPlatforms) = preSolution
		Debug|Any CPU = Debug|Any CPU
		Release|Any CPU = Release|Any CPU
	EndGlobalSection
	GlobalSection(ProjectConfigurationPlatforms) = postSolution
		{3BCCEAEF-5CD3-4453-9C19-F05DFC58A83C}.Debug|Any CPU.ActiveCfg = Debug|Any CPU
		{3BCCEAEF-5CD3-4453-9C19-F05DFC58A83C}.Debug|Any CPU.Build.0 = Debug|Any CPU
		{3BCCEAEF-5CD3-4453-9C19-F05DFC58A83C}.Release|Any CPU.ActiveCfg = Release|Any CPU
		{3BCCEAEF-5CD3-4453-9C19-F05DFC58A83C}.Release|Any CPU.Build.0 = Release|Any CPU
		{08C7F82E-2931-49FC-92EF-A92B1CC31139}.Debug|Any CPU.ActiveCfg = Debug|Any CPU
		{08C7F82E-2931-49FC-92EF-A92B1CC31139}.Debug|Any CPU.Build.0 = Debug|Any CPU
		{08C7F82E-2931-49FC-92EF-A92B1CC31139}.Release|Any CPU.ActiveCfg = Release|Any CPU
		{08C7F82E-2931-49FC-92EF-A92B1CC31139}.Release|Any CPU.Build.0 = Release|Any CPU
	EndGlobalSection
	GlobalSection(SolutionProperties) = preSolution
		HideSolutionNode = FALSE
	EndGlobalSection
	GlobalSection(ExtensibilityGlobals) = postSolution
		SolutionGuid = {2934D34C-7C68-4846-AFC5-D977B882FFC4}
	EndGlobalSection
EndGlobal
